
Microsoft Visual Studio Solution File, Format Version 12.00
# Visual Studio Version 17
VisualStudioVersion = 17.12.35506.116
MinimumVisualStudioVersion = 10.0.40219.1
Project("{FAE04EC0-301F-11D3-BF4B-00C04F79EFBC}") = "GettingStartedApi", "GettingStartedApi\GettingStartedApi.csproj", "{6385BBC5-D8D5-4BF5-8A4D-D802D2E1A9C1}"
EndProject
Project("{FAE04EC0-301F-11D3-BF4B-00C04F79EFBC}") = "ApiSecurity", "ApiSecurity\ApiSecurity.csproj", "{5F8AF551-6BF3-4F28-87ED-4388AE85E97E}"
EndProject
Project("{FAE04EC0-301F-11D3-BF4B-00C04F79EFBC}") = "VersionedApi", "VersionedApi\VersionedApi.csproj", "{567AD9F4-98A0-44A9-A1BA-6C62C72DA072}"
EndProject
Project("{FAE04EC0-301F-11D3-BF4B-00C04F79EFBC}") = "MonitoringApi", "MonitoringApi\MonitoringApi.csproj", "{7E98A841-FB8C-407B-BD5F-F44BE0B4A6A2}"
EndProject
Project("{FAE04EC0-301F-11D3-BF4B-00C04F79EFBC}") = "ApiProtection", "ApiProtection\ApiProtection.csproj", "{FD57677C-75D9-4A87-9939-B0720676526C}"
EndProject
Project("{FAE04EC0-301F-11D3-BF4B-00C04F79EFBC}") = "TodoLibrary", "TodoLibrary\TodoLibrary.csproj", "{3968A046-087B-480E-9EAD-D1FFEFDBE0C8}"
EndProject
Project("{2150E333-8FDC-42A3-9474-1A3956D46DE8}") = "ToDoApi", "ToDoApi", "{28D5D29B-9F0B-4025-8ED2-4FF353A2524C}"
EndProject
Project("{FAE04EC0-301F-11D3-BF4B-00C04F79EFBC}") = "ToDoApi", "ToDoApi\ToDoApi.csproj", "{9BBC8647-0304-4DEA-8839-39671C0868F2}"
EndProject
Project("{FAE04EC0-301F-11D3-BF4B-00C04F79EFBC}") = "ToDoApiClient", "ToDoApiClient\ToDoApiClient.csproj", "{726889C8-01A0-4D4E-AFB0-22473BA0D2D9}"
EndProject
Project("{2150E333-8FDC-42A3-9474-1A3956D46DE8}") = "BasicConcepts", "BasicConcepts", "{1B57D07A-DDFD-469E-B110-E9E77E7F035C}"
EndProject
Project("{FAE04EC0-301F-11D3-BF4B-00C04F79EFBC}") = "ToDoApiClientConsoleApp", "ToDoApiClientConsoleApp\ToDoApiClientConsoleApp.csproj", "{A798149B-A2CB-423C-A77C-B763D23B9939}"
EndProject
Global
	GlobalSection(SolutionConfigurationPlatforms) = preSolution
		Debug|Any CPU = Debug|Any CPU
		Release|Any CPU = Release|Any CPU
	EndGlobalSection
	GlobalSection(ProjectConfigurationPlatforms) = postSolution
		{6385BBC5-D8D5-4BF5-8A4D-D802D2E1A9C1}.Debug|Any CPU.ActiveCfg = Debug|Any CPU
		{6385BBC5-D8D5-4BF5-8A4D-D802D2E1A9C1}.Debug|Any CPU.Build.0 = Debug|Any CPU
		{6385BBC5-D8D5-4BF5-8A4D-D802D2E1A9C1}.Release|Any CPU.ActiveCfg = Release|Any CPU
		{6385BBC5-D8D5-4BF5-8A4D-D802D2E1A9C1}.Release|Any CPU.Build.0 = Release|Any CPU
		{5F8AF551-6BF3-4F28-87ED-4388AE85E97E}.Debug|Any CPU.ActiveCfg = Debug|Any CPU
		{5F8AF551-6BF3-4F28-87ED-4388AE85E97E}.Debug|Any CPU.Build.0 = Debug|Any CPU
		{5F8AF551-6BF3-4F28-87ED-4388AE85E97E}.Release|Any CPU.ActiveCfg = Release|Any CPU
		{5F8AF551-6BF3-4F28-87ED-4388AE85E97E}.Release|Any CPU.Build.0 = Release|Any CPU
		{567AD9F4-98A0-44A9-A1BA-6C62C72DA072}.Debug|Any CPU.ActiveCfg = Debug|Any CPU
		{567AD9F4-98A0-44A9-A1BA-6C62C72DA072}.Debug|Any CPU.Build.0 = Debug|Any CPU
		{567AD9F4-98A0-44A9-A1BA-6C62C72DA072}.Release|Any CPU.ActiveCfg = Release|Any CPU
		{567AD9F4-98A0-44A9-A1BA-6C62C72DA072}.Release|Any CPU.Build.0 = Release|Any CPU
		{7E98A841-FB8C-407B-BD5F-F44BE0B4A6A2}.Debug|Any CPU.ActiveCfg = Debug|Any CPU
		{7E98A841-FB8C-407B-BD5F-F44BE0B4A6A2}.Debug|Any CPU.Build.0 = Debug|Any CPU
		{7E98A841-FB8C-407B-BD5F-F44BE0B4A6A2}.Release|Any CPU.ActiveCfg = Release|Any CPU
		{7E98A841-FB8C-407B-BD5F-F44BE0B4A6A2}.Release|Any CPU.Build.0 = Release|Any CPU
		{FD57677C-75D9-4A87-9939-B0720676526C}.Debug|Any CPU.ActiveCfg = Debug|Any CPU
		{FD57677C-75D9-4A87-9939-B0720676526C}.Debug|Any CPU.Build.0 = Debug|Any CPU
		{FD57677C-75D9-4A87-9939-B0720676526C}.Release|Any CPU.ActiveCfg = Release|Any CPU
		{FD57677C-75D9-4A87-9939-B0720676526C}.Release|Any CPU.Build.0 = Release|Any CPU
		{3968A046-087B-480E-9EAD-D1FFEFDBE0C8}.Debug|Any CPU.ActiveCfg = Debug|Any CPU
		{3968A046-087B-480E-9EAD-D1FFEFDBE0C8}.Debug|Any CPU.Build.0 = Debug|Any CPU
		{3968A046-087B-480E-9EAD-D1FFEFDBE0C8}.Release|Any CPU.ActiveCfg = Release|Any CPU
		{3968A046-087B-480E-9EAD-D1FFEFDBE0C8}.Release|Any CPU.Build.0 = Release|Any CPU
		{9BBC8647-0304-4DEA-8839-39671C0868F2}.Debug|Any CPU.ActiveCfg = Debug|Any CPU
		{9BBC8647-0304-4DEA-8839-39671C0868F2}.Debug|Any CPU.Build.0 = Debug|Any CPU
		{9BBC8647-0304-4DEA-8839-39671C0868F2}.Release|Any CPU.ActiveCfg = Release|Any CPU
		{9BBC8647-0304-4DEA-8839-39671C0868F2}.Release|Any CPU.Build.0 = Release|Any CPU
		{726889C8-01A0-4D4E-AFB0-22473BA0D2D9}.Debug|Any CPU.ActiveCfg = Debug|Any CPU
		{726889C8-01A0-4D4E-AFB0-22473BA0D2D9}.Debug|Any CPU.Build.0 = Debug|Any CPU
		{726889C8-01A0-4D4E-AFB0-22473BA0D2D9}.Release|Any CPU.ActiveCfg = Release|Any CPU
		{726889C8-01A0-4D4E-AFB0-22473BA0D2D9}.Release|Any CPU.Build.0 = Release|Any CPU
		{A798149B-A2CB-423C-A77C-B763D23B9939}.Debug|Any CPU.ActiveCfg = Debug|Any CPU
		{A798149B-A2CB-423C-A77C-B763D23B9939}.Debug|Any CPU.Build.0 = Debug|Any CPU
		{A798149B-A2CB-423C-A77C-B763D23B9939}.Release|Any CPU.ActiveCfg = Release|Any CPU
		{A798149B-A2CB-423C-A77C-B763D23B9939}.Release|Any CPU.Build.0 = Release|Any CPU
	EndGlobalSection
	GlobalSection(SolutionProperties) = preSolution
		HideSolutionNode = FALSE
	EndGlobalSection
	GlobalSection(NestedProjects) = preSolution
		{6385BBC5-D8D5-4BF5-8A4D-D802D2E1A9C1} = {1B57D07A-DDFD-469E-B110-E9E77E7F035C}
		{5F8AF551-6BF3-4F28-87ED-4388AE85E97E} = {1B57D07A-DDFD-469E-B110-E9E77E7F035C}
		{567AD9F4-98A0-44A9-A1BA-6C62C72DA072} = {1B57D07A-DDFD-469E-B110-E9E77E7F035C}
		{7E98A841-FB8C-407B-BD5F-F44BE0B4A6A2} = {1B57D07A-DDFD-469E-B110-E9E77E7F035C}
		{FD57677C-75D9-4A87-9939-B0720676526C} = {1B57D07A-DDFD-469E-B110-E9E77E7F035C}
		{3968A046-087B-480E-9EAD-D1FFEFDBE0C8} = {28D5D29B-9F0B-4025-8ED2-4FF353A2524C}
		{9BBC8647-0304-4DEA-8839-39671C0868F2} = {28D5D29B-9F0B-4025-8ED2-4FF353A2524C}
	EndGlobalSection
EndGlobal
