
Microsoft Visual Studio Solution File, Format Version 12.00
# Visual Studio Version 17
VisualStudioVersion = 17.12.35506.116
MinimumVisualStudioVersion = 10.0.40219.1
Project("{FAE04EC0-301F-11D3-BF4B-00C04F79EFBC}") = "MovieMeter.Api", "MovieMeter.Api\MovieMeter.Api.csproj", "{A7AA13BE-B954-486B-AB74-FEC06B867F8A}"
EndProject
Project("{FAE04EC0-301F-11D3-BF4B-00C04F79EFBC}") = "MovieMeter.Application", "MovieMeter.Application\MovieMeter.Application.csproj", "{F1F47BF1-E742-4F23-921D-15878D00D515}"
EndProject
Project("{FAE04EC0-301F-11D3-BF4B-00C04F79EFBC}") = "MovieMeter.Contracts", "MovieMeter.Contracts\MovieMeter.Contracts.csproj", "{898E7ED4-6B88-43EE-9622-4807B4E8CD95}"
EndProject
Project("{FAE04EC0-301F-11D3-BF4B-00C04F79EFBC}") = "MovieMeter.Api.Sdk", "MovieMeter.Api.Sdk\MovieMeter.Api.Sdk.csproj", "{BF1F3105-D04C-4AD5-8D19-2F186C73AE03}"
EndProject
Project("{FAE04EC0-301F-11D3-BF4B-00C04F79EFBC}") = "MovieMeter.Api.Sdk.Consumer", "MovieMeter.Api.Sdk.Consumer\MovieMeter.Api.Sdk.Consumer.csproj", "{F2DE4B64-4C46-444E-9E16-C4C1551520B9}"
EndProject
Global
	GlobalSection(SolutionConfigurationPlatforms) = preSolution
		Debug|Any CPU = Debug|Any CPU
		Release|Any CPU = Release|Any CPU
	EndGlobalSection
	GlobalSection(ProjectConfigurationPlatforms) = postSolution
		{A7AA13BE-B954-486B-AB74-FEC06B867F8A}.Debug|Any CPU.ActiveCfg = Debug|Any CPU
		{A7AA13BE-B954-486B-AB74-FEC06B867F8A}.Debug|Any CPU.Build.0 = Debug|Any CPU
		{A7AA13BE-B954-486B-AB74-FEC06B867F8A}.Release|Any CPU.ActiveCfg = Release|Any CPU
		{A7AA13BE-B954-486B-AB74-FEC06B867F8A}.Release|Any CPU.Build.0 = Release|Any CPU
		{F1F47BF1-E742-4F23-921D-15878D00D515}.Debug|Any CPU.ActiveCfg = Debug|Any CPU
		{F1F47BF1-E742-4F23-921D-15878D00D515}.Debug|Any CPU.Build.0 = Debug|Any CPU
		{F1F47BF1-E742-4F23-921D-15878D00D515}.Release|Any CPU.ActiveCfg = Release|Any CPU
		{F1F47BF1-E742-4F23-921D-15878D00D515}.Release|Any CPU.Build.0 = Release|Any CPU
		{898E7ED4-6B88-43EE-9622-4807B4E8CD95}.Debug|Any CPU.ActiveCfg = Debug|Any CPU
		{898E7ED4-6B88-43EE-9622-4807B4E8CD95}.Debug|Any CPU.Build.0 = Debug|Any CPU
		{898E7ED4-6B88-43EE-9622-4807B4E8CD95}.Release|Any CPU.ActiveCfg = Release|Any CPU
		{898E7ED4-6B88-43EE-9622-4807B4E8CD95}.Release|Any CPU.Build.0 = Release|Any CPU
		{BF1F3105-D04C-4AD5-8D19-2F186C73AE03}.Debug|Any CPU.ActiveCfg = Debug|Any CPU
		{BF1F3105-D04C-4AD5-8D19-2F186C73AE03}.Debug|Any CPU.Build.0 = Debug|Any CPU
		{BF1F3105-D04C-4AD5-8D19-2F186C73AE03}.Release|Any CPU.ActiveCfg = Release|Any CPU
		{BF1F3105-D04C-4AD5-8D19-2F186C73AE03}.Release|Any CPU.Build.0 = Release|Any CPU
		{F2DE4B64-4C46-444E-9E16-C4C1551520B9}.Debug|Any CPU.ActiveCfg = Debug|Any CPU
		{F2DE4B64-4C46-444E-9E16-C4C1551520B9}.Debug|Any CPU.Build.0 = Debug|Any CPU
		{F2DE4B64-4C46-444E-9E16-C4C1551520B9}.Release|Any CPU.ActiveCfg = Release|Any CPU
		{F2DE4B64-4C46-444E-9E16-C4C1551520B9}.Release|Any CPU.Build.0 = Release|Any CPU
	EndGlobalSection
	GlobalSection(SolutionProperties) = preSolution
		HideSolutionNode = FALSE
	EndGlobalSection
EndGlobal
